
Microsoft Visual Studio Solution File, Format Version 12.00
# Visual Studio Version 17
VisualStudioVersion = 17.8.34330.188
MinimumVisualStudioVersion = 10.0.40219.1
Project("{9A19103F-16F7-4668-BE54-9A1E7A4F7556}") = "Parcial1_AP1_EliezerTerrero", "Parcial1_AP1_EliezerTerrero.csproj", "{C193AA59-6BFB-4F94-AC9F-CA47CB6F6CCE}"
EndProject
Global
	GlobalSection(SolutionConfigurationPlatforms) = preSolution
		Debug|Any CPU = Debug|Any CPU
		Release|Any CPU = Release|Any CPU
	EndGlobalSection
	GlobalSection(ProjectConfigurationPlatforms) = postSolution
		{C193AA59-6BFB-4F94-AC9F-CA47CB6F6CCE}.Debug|Any CPU.ActiveCfg = Debug|Any CPU
		{C193AA59-6BFB-4F94-AC9F-CA47CB6F6CCE}.Debug|Any CPU.Build.0 = Debug|Any CPU
		{C193AA59-6BFB-4F94-AC9F-CA47CB6F6CCE}.Release|Any CPU.ActiveCfg = Release|Any CPU
		{C193AA59-6BFB-4F94-AC9F-CA47CB6F6CCE}.Release|Any CPU.Build.0 = Release|Any CPU
	EndGlobalSection
	GlobalSection(SolutionProperties) = preSolution
		HideSolutionNode = FALSE
	EndGlobalSection
	GlobalSection(ExtensibilityGlobals) = postSolution
		SolutionGuid = {174584FB-0CAB-4050-912C-78F2AD8892FA}
	EndGlobalSection
EndGlobal
